
Microsoft Visual Studio Solution File, Format Version 12.00
# Visual Studio Version 17
VisualStudioVersion = 17.10.34928.147
MinimumVisualStudioVersion = 10.0.40219.1
Project("{9A19103F-16F7-4668-BE54-9A1E7A4F7556}") = "ConsoleApp1", "ConsoleApp1\ConsoleApp1.csproj", "{9ECCF015-AEA4-444B-96F3-82BD6597DC13}"
EndProject
Project("{9A19103F-16F7-4668-BE54-9A1E7A4F7556}") = "Ex02", "Ex02\Ex02.csproj", "{F11A1F2A-FAF8-4620-89EF-A0319B101077}"
EndProject
Project("{FAE04EC0-301F-11D3-BF4B-00C04F79EFBC}") = "ex04_Facade", "ex04_Facade\ex04_Facade.csproj", "{960D784C-E22E-4284-BB7A-C1842A710BD0}"
EndProject
Global
	GlobalSection(SolutionConfigurationPlatforms) = preSolution
		Debug|Any CPU = Debug|Any CPU
		Release|Any CPU = Release|Any CPU
	EndGlobalSection
	GlobalSection(ProjectConfigurationPlatforms) = postSolution
		{9ECCF015-AEA4-444B-96F3-82BD6597DC13}.Debug|Any CPU.ActiveCfg = Debug|Any CPU
		{9ECCF015-AEA4-444B-96F3-82BD6597DC13}.Debug|Any CPU.Build.0 = Debug|Any CPU
		{9ECCF015-AEA4-444B-96F3-82BD6597DC13}.Release|Any CPU.ActiveCfg = Release|Any CPU
		{9ECCF015-AEA4-444B-96F3-82BD6597DC13}.Release|Any CPU.Build.0 = Release|Any CPU
		{F11A1F2A-FAF8-4620-89EF-A0319B101077}.Debug|Any CPU.ActiveCfg = Debug|Any CPU
		{F11A1F2A-FAF8-4620-89EF-A0319B101077}.Debug|Any CPU.Build.0 = Debug|Any CPU
		{F11A1F2A-FAF8-4620-89EF-A0319B101077}.Release|Any CPU.ActiveCfg = Release|Any CPU
		{F11A1F2A-FAF8-4620-89EF-A0319B101077}.Release|Any CPU.Build.0 = Release|Any CPU
		{960D784C-E22E-4284-BB7A-C1842A710BD0}.Debug|Any CPU.ActiveCfg = Debug|Any CPU
		{960D784C-E22E-4284-BB7A-C1842A710BD0}.Debug|Any CPU.Build.0 = Debug|Any CPU
		{960D784C-E22E-4284-BB7A-C1842A710BD0}.Release|Any CPU.ActiveCfg = Release|Any CPU
		{960D784C-E22E-4284-BB7A-C1842A710BD0}.Release|Any CPU.Build.0 = Release|Any CPU
	EndGlobalSection
	GlobalSection(SolutionProperties) = preSolution
		HideSolutionNode = FALSE
	EndGlobalSection
	GlobalSection(ExtensibilityGlobals) = postSolution
		SolutionGuid = {128BA3B7-2585-41D7-96DB-2497E8B4C6CC}
	EndGlobalSection
EndGlobal
